
Microsoft Visual Studio Solution File, Format Version 12.00
# Visual Studio Version 17
VisualStudioVersion = 17.6.33723.286
MinimumVisualStudioVersion = 10.0.40219.1
Project("{9A19103F-16F7-4668-BE54-9A1E7A4F7556}") = "DicomWebApp", "DicomWebApp\DicomWebApp.csproj", "{2133F7F2-0A54-4E74-B721-D69C30499C60}"
EndProject
Project("{9A19103F-16F7-4668-BE54-9A1E7A4F7556}") = "DicomWebApp.Models", "DicomWebApp.Models\DicomWebApp.Models.csproj", "{6AD47102-5494-46FF-B0B2-1DF66DD2F3EF}"
EndProject
Project("{FAE04EC0-301F-11D3-BF4B-00C04F79EFBC}") = "DicomWebApp.Web", "DicomWebApp.Web\DicomWebApp.Web.csproj", "{36247E7B-F3F4-49C8-98AF-898C28805066}"
EndProject
Project("{FAE04EC0-301F-11D3-BF4B-00C04F79EFBC}") = "Dicom.Server", "Dicom.Server\Dicom.Server.csproj", "{BD8F8559-3482-48B7-A887-1238DA64832F}"
EndProject
Global
	GlobalSection(SolutionConfigurationPlatforms) = preSolution
		Debug|Any CPU = Debug|Any CPU
		Release|Any CPU = Release|Any CPU
	EndGlobalSection
	GlobalSection(ProjectConfigurationPlatforms) = postSolution
		{2133F7F2-0A54-4E74-B721-D69C30499C60}.Debug|Any CPU.ActiveCfg = Debug|Any CPU
		{2133F7F2-0A54-4E74-B721-D69C30499C60}.Debug|Any CPU.Build.0 = Debug|Any CPU
		{2133F7F2-0A54-4E74-B721-D69C30499C60}.Release|Any CPU.ActiveCfg = Release|Any CPU
		{2133F7F2-0A54-4E74-B721-D69C30499C60}.Release|Any CPU.Build.0 = Release|Any CPU
		{6AD47102-5494-46FF-B0B2-1DF66DD2F3EF}.Debug|Any CPU.ActiveCfg = Debug|Any CPU
		{6AD47102-5494-46FF-B0B2-1DF66DD2F3EF}.Debug|Any CPU.Build.0 = Debug|Any CPU
		{6AD47102-5494-46FF-B0B2-1DF66DD2F3EF}.Release|Any CPU.ActiveCfg = Release|Any CPU
		{6AD47102-5494-46FF-B0B2-1DF66DD2F3EF}.Release|Any CPU.Build.0 = Release|Any CPU
		{36247E7B-F3F4-49C8-98AF-898C28805066}.Debug|Any CPU.ActiveCfg = Debug|Any CPU
		{36247E7B-F3F4-49C8-98AF-898C28805066}.Debug|Any CPU.Build.0 = Debug|Any CPU
		{36247E7B-F3F4-49C8-98AF-898C28805066}.Release|Any CPU.ActiveCfg = Release|Any CPU
		{36247E7B-F3F4-49C8-98AF-898C28805066}.Release|Any CPU.Build.0 = Release|Any CPU
		{BD8F8559-3482-48B7-A887-1238DA64832F}.Debug|Any CPU.ActiveCfg = Debug|Any CPU
		{BD8F8559-3482-48B7-A887-1238DA64832F}.Debug|Any CPU.Build.0 = Debug|Any CPU
		{BD8F8559-3482-48B7-A887-1238DA64832F}.Release|Any CPU.ActiveCfg = Release|Any CPU
		{BD8F8559-3482-48B7-A887-1238DA64832F}.Release|Any CPU.Build.0 = Release|Any CPU
	EndGlobalSection
	GlobalSection(SolutionProperties) = preSolution
		HideSolutionNode = FALSE
	EndGlobalSection
	GlobalSection(ExtensibilityGlobals) = postSolution
		SolutionGuid = {CCF392EE-D87F-474C-A64C-A43D2081603B}
	EndGlobalSection
EndGlobal
